// !$*UTF8*$!
{
	archiveVersion = 1;
	classes = {
	};
	objectVersion = 51;
	objects = {

/* Begin PBXBuildFile section */
		31178DAC1BFF84B078C8F035 /* Pods_PriceQuoteIos.framework in Frameworks */ = {isa = PBXBuildFile; fileRef = E6B872AEC25F0703B3A81667 /* Pods_PriceQuoteIos.framework */; };
		343E956AEEBC7F3A0F999709 /* Pods_PriceQuoteIosTests.framework in Frameworks */ = {isa = PBXBuildFile; fileRef = 05A11F48588DCD925D34FA1D /* Pods_PriceQuoteIosTests.framework */; };
		53C4800B25326DE7009B012D /* SalesmanDataResponse.swift in Sources */ = {isa = PBXBuildFile; fileRef = 53C4800A25326DE7009B012D /* SalesmanDataResponse.swift */; };
		53C480552534EDBA009B012D /* createSalesman.json in Resources */ = {isa = PBXBuildFile; fileRef = 53C480542534EDBA009B012D /* createSalesman.json */; };
		53C480612534F189009B012D /* OHHTTPStubMocks.swift in Sources */ = {isa = PBXBuildFile; fileRef = 53C480432534E4DB009B012D /* OHHTTPStubMocks.swift */; };
		53E404A22520CF1000077635 /* AppDelegate.swift in Sources */ = {isa = PBXBuildFile; fileRef = 53E404A12520CF1000077635 /* AppDelegate.swift */; };
		53E404A42520CF1000077635 /* SceneDelegate.swift in Sources */ = {isa = PBXBuildFile; fileRef = 53E404A32520CF1000077635 /* SceneDelegate.swift */; };
		53E404A62520CF1000077635 /* ViewController.swift in Sources */ = {isa = PBXBuildFile; fileRef = 53E404A52520CF1000077635 /* ViewController.swift */; };
		53E404A92520CF1000077635 /* Main.storyboard in Resources */ = {isa = PBXBuildFile; fileRef = 53E404A72520CF1000077635 /* Main.storyboard */; };
		53E404AB2520CF1100077635 /* Assets.xcassets in Resources */ = {isa = PBXBuildFile; fileRef = 53E404AA2520CF1100077635 /* Assets.xcassets */; };
		53E404AE2520CF1100077635 /* LaunchScreen.storyboard in Resources */ = {isa = PBXBuildFile; fileRef = 53E404AC2520CF1100077635 /* LaunchScreen.storyboard */; };
		53E404D3252111B900077635 /* SalesmanApiDataSourceTests.swift in Sources */ = {isa = PBXBuildFile; fileRef = 53E404D2252111B900077635 /* SalesmanApiDataSourceTests.swift */; };
		53E404D62521139900077635 /* SalesmanApiDataSourceImpl.swift in Sources */ = {isa = PBXBuildFile; fileRef = 53E404D52521139900077635 /* SalesmanApiDataSourceImpl.swift */; };
		53E404D92521191900077635 /* Salesman.swift in Sources */ = {isa = PBXBuildFile; fileRef = 53E404D82521191900077635 /* Salesman.swift */; };
		53E404DB25211CF200077635 /* Errors.swift in Sources */ = {isa = PBXBuildFile; fileRef = 53E404DA25211CF200077635 /* Errors.swift */; };
		53E404E025213EAE00077635 /* APIHandler.swift in Sources */ = {isa = PBXBuildFile; fileRef = 53E404DF25213EAE00077635 /* APIHandler.swift */; };
/* End PBXBuildFile section */

/* Begin PBXContainerItemProxy section */
		53E404B52520CF1200077635 /* PBXContainerItemProxy */ = {
			isa = PBXContainerItemProxy;
			containerPortal = 53E404962520CF1000077635 /* Project object */;
			proxyType = 1;
			remoteGlobalIDString = 53E4049D2520CF1000077635;
			remoteInfo = PriceQuoteIos;
		};
/* End PBXContainerItemProxy section */

/* Begin PBXFileReference section */
		05A11F48588DCD925D34FA1D /* Pods_PriceQuoteIosTests.framework */ = {isa = PBXFileReference; explicitFileType = wrapper.framework; includeInIndex = 0; path = Pods_PriceQuoteIosTests.framework; sourceTree = BUILT_PRODUCTS_DIR; };
		0A84E80272125CA7548737C7 /* Pods-PriceQuoteIosTests.debug.xcconfig */ = {isa = PBXFileReference; includeInIndex = 1; lastKnownFileType = text.xcconfig; name = "Pods-PriceQuoteIosTests.debug.xcconfig"; path = "Target Support Files/Pods-PriceQuoteIosTests/Pods-PriceQuoteIosTests.debug.xcconfig"; sourceTree = "<group>"; };
		3A8161F9AA98FA08E0D11D2D /* Pods-PriceQuoteIos.release.xcconfig */ = {isa = PBXFileReference; includeInIndex = 1; lastKnownFileType = text.xcconfig; name = "Pods-PriceQuoteIos.release.xcconfig"; path = "Target Support Files/Pods-PriceQuoteIos/Pods-PriceQuoteIos.release.xcconfig"; sourceTree = "<group>"; };
		53C4800A25326DE7009B012D /* SalesmanDataResponse.swift */ = {isa = PBXFileReference; lastKnownFileType = sourcecode.swift; path = SalesmanDataResponse.swift; sourceTree = "<group>"; };
		53C480432534E4DB009B012D /* OHHTTPStubMocks.swift */ = {isa = PBXFileReference; lastKnownFileType = sourcecode.swift; path = OHHTTPStubMocks.swift; sourceTree = "<group>"; };
		53C480542534EDBA009B012D /* createSalesman.json */ = {isa = PBXFileReference; lastKnownFileType = text.json; path = createSalesman.json; sourceTree = "<group>"; };
		53E4049E2520CF1000077635 /* PriceQuoteIos.app */ = {isa = PBXFileReference; explicitFileType = wrapper.application; includeInIndex = 0; path = PriceQuoteIos.app; sourceTree = BUILT_PRODUCTS_DIR; };
		53E404A12520CF1000077635 /* AppDelegate.swift */ = {isa = PBXFileReference; lastKnownFileType = sourcecode.swift; path = AppDelegate.swift; sourceTree = "<group>"; };
		53E404A32520CF1000077635 /* SceneDelegate.swift */ = {isa = PBXFileReference; lastKnownFileType = sourcecode.swift; path = SceneDelegate.swift; sourceTree = "<group>"; };
		53E404A52520CF1000077635 /* ViewController.swift */ = {isa = PBXFileReference; lastKnownFileType = sourcecode.swift; path = ViewController.swift; sourceTree = "<group>"; };
		53E404A82520CF1000077635 /* Base */ = {isa = PBXFileReference; lastKnownFileType = file.storyboard; name = Base; path = Base.lproj/Main.storyboard; sourceTree = "<group>"; };
		53E404AA2520CF1100077635 /* Assets.xcassets */ = {isa = PBXFileReference; lastKnownFileType = folder.assetcatalog; path = Assets.xcassets; sourceTree = "<group>"; };
		53E404AD2520CF1100077635 /* Base */ = {isa = PBXFileReference; lastKnownFileType = file.storyboard; name = Base; path = Base.lproj/LaunchScreen.storyboard; sourceTree = "<group>"; };
		53E404AF2520CF1100077635 /* Info.plist */ = {isa = PBXFileReference; lastKnownFileType = text.plist.xml; path = Info.plist; sourceTree = "<group>"; };
		53E404B42520CF1200077635 /* PriceQuoteIosTests.xctest */ = {isa = PBXFileReference; explicitFileType = wrapper.cfbundle; includeInIndex = 0; path = PriceQuoteIosTests.xctest; sourceTree = BUILT_PRODUCTS_DIR; };
		53E404BA2520CF1200077635 /* Info.plist */ = {isa = PBXFileReference; lastKnownFileType = text.plist.xml; path = Info.plist; sourceTree = "<group>"; };
		53E404D2252111B900077635 /* SalesmanApiDataSourceTests.swift */ = {isa = PBXFileReference; lastKnownFileType = sourcecode.swift; path = SalesmanApiDataSourceTests.swift; sourceTree = "<group>"; };
		53E404D52521139900077635 /* SalesmanApiDataSourceImpl.swift */ = {isa = PBXFileReference; lastKnownFileType = sourcecode.swift; path = SalesmanApiDataSourceImpl.swift; sourceTree = "<group>"; };
		53E404D82521191900077635 /* Salesman.swift */ = {isa = PBXFileReference; lastKnownFileType = sourcecode.swift; path = Salesman.swift; sourceTree = "<group>"; };
		53E404DA25211CF200077635 /* Errors.swift */ = {isa = PBXFileReference; lastKnownFileType = sourcecode.swift; path = Errors.swift; sourceTree = "<group>"; };
		53E404DF25213EAE00077635 /* APIHandler.swift */ = {isa = PBXFileReference; lastKnownFileType = sourcecode.swift; path = APIHandler.swift; sourceTree = "<group>"; };
		860DED70573A414B267E6834 /* Pods-PriceQuoteIosTests.release.xcconfig */ = {isa = PBXFileReference; includeInIndex = 1; lastKnownFileType = text.xcconfig; name = "Pods-PriceQuoteIosTests.release.xcconfig"; path = "Target Support Files/Pods-PriceQuoteIosTests/Pods-PriceQuoteIosTests.release.xcconfig"; sourceTree = "<group>"; };
		E6B872AEC25F0703B3A81667 /* Pods_PriceQuoteIos.framework */ = {isa = PBXFileReference; explicitFileType = wrapper.framework; includeInIndex = 0; path = Pods_PriceQuoteIos.framework; sourceTree = BUILT_PRODUCTS_DIR; };
		F3C7F7498D0B2C74623F8B65 /* Pods-PriceQuoteIos.debug.xcconfig */ = {isa = PBXFileReference; includeInIndex = 1; lastKnownFileType = text.xcconfig; name = "Pods-PriceQuoteIos.debug.xcconfig"; path = "Target Support Files/Pods-PriceQuoteIos/Pods-PriceQuoteIos.debug.xcconfig"; sourceTree = "<group>"; };
/* End PBXFileReference section */

/* Begin PBXFrameworksBuildPhase section */
		53E4049B2520CF1000077635 /* Frameworks */ = {
			isa = PBXFrameworksBuildPhase;
			buildActionMask = 2147483647;
			files = (
				31178DAC1BFF84B078C8F035 /* Pods_PriceQuoteIos.framework in Frameworks */,
			);
			runOnlyForDeploymentPostprocessing = 0;
		};
		53E404B12520CF1200077635 /* Frameworks */ = {
			isa = PBXFrameworksBuildPhase;
			buildActionMask = 2147483647;
			files = (
				343E956AEEBC7F3A0F999709 /* Pods_PriceQuoteIosTests.framework in Frameworks */,
			);
			runOnlyForDeploymentPostprocessing = 0;
		};
/* End PBXFrameworksBuildPhase section */

/* Begin PBXGroup section */
		1BB69CB3053798E792A704F8 /* Frameworks */ = {
			isa = PBXGroup;
			children = (
				E6B872AEC25F0703B3A81667 /* Pods_PriceQuoteIos.framework */,
				05A11F48588DCD925D34FA1D /* Pods_PriceQuoteIosTests.framework */,
			);
			name = Frameworks;
			sourceTree = "<group>";
		};
		53C4800925326DD5009B012D /* Responses */ = {
			isa = PBXGroup;
			children = (
				53C4800A25326DE7009B012D /* SalesmanDataResponse.swift */,
			);
			path = Responses;
			sourceTree = "<group>";
		};
		53C480532534EDA2009B012D /* StubMocks */ = {
			isa = PBXGroup;
			children = (
				53C480542534EDBA009B012D /* createSalesman.json */,
			);
			path = StubMocks;
			sourceTree = "<group>";
		};
		53E404952520CF1000077635 = {
			isa = PBXGroup;
			children = (
				53E404A02520CF1000077635 /* PriceQuoteIos */,
				53E404B72520CF1200077635 /* PriceQuoteIosTests */,
				53E4049F2520CF1000077635 /* Products */,
				E967B212699B1640C55EA8AE /* Pods */,
				1BB69CB3053798E792A704F8 /* Frameworks */,
			);
			sourceTree = "<group>";
		};
		53E4049F2520CF1000077635 /* Products */ = {
			isa = PBXGroup;
			children = (
				53E4049E2520CF1000077635 /* PriceQuoteIos.app */,
				53E404B42520CF1200077635 /* PriceQuoteIosTests.xctest */,
			);
			name = Products;
			sourceTree = "<group>";
		};
		53E404A02520CF1000077635 /* PriceQuoteIos */ = {
			isa = PBXGroup;
			children = (
				53E404DC2521339300077635 /* Utils */,
				53E404D72521191000077635 /* Models */,
				53E404D42521138800077635 /* DataSources */,
				53E404A12520CF1000077635 /* AppDelegate.swift */,
				53E404A32520CF1000077635 /* SceneDelegate.swift */,
				53E404A52520CF1000077635 /* ViewController.swift */,
				53E404A72520CF1000077635 /* Main.storyboard */,
				53E404AA2520CF1100077635 /* Assets.xcassets */,
				53E404AC2520CF1100077635 /* LaunchScreen.storyboard */,
				53E404AF2520CF1100077635 /* Info.plist */,
			);
			path = PriceQuoteIos;
			sourceTree = "<group>";
		};
		53E404B72520CF1200077635 /* PriceQuoteIosTests */ = {
			isa = PBXGroup;
			children = (
				53E404E1252141D500077635 /* Utils */,
				53E404D12521119800077635 /* Salesman */,
				53E404BA2520CF1200077635 /* Info.plist */,
			);
			path = PriceQuoteIosTests;
			sourceTree = "<group>";
		};
		53E404D12521119800077635 /* Salesman */ = {
			isa = PBXGroup;
			children = (
				53E404D2252111B900077635 /* SalesmanApiDataSourceTests.swift */,
			);
			path = Salesman;
			sourceTree = "<group>";
		};
		53E404D42521138800077635 /* DataSources */ = {
			isa = PBXGroup;
			children = (
				53E404D52521139900077635 /* SalesmanApiDataSourceImpl.swift */,
			);
			path = DataSources;
			sourceTree = "<group>";
		};
		53E404D72521191000077635 /* Models */ = {
			isa = PBXGroup;
			children = (
				53C4800925326DD5009B012D /* Responses */,
				53E404D82521191900077635 /* Salesman.swift */,
				53E404DA25211CF200077635 /* Errors.swift */,
			);
			path = Models;
			sourceTree = "<group>";
		};
		53E404DC2521339300077635 /* Utils */ = {
			isa = PBXGroup;
			children = (
				53C480532534EDA2009B012D /* StubMocks */,
				53C480432534E4DB009B012D /* OHHTTPStubMocks.swift */,
				53E404DF25213EAE00077635 /* APIHandler.swift */,
			);
			path = Utils;
			sourceTree = "<group>";
		};
		53E404E1252141D500077635 /* Utils */ = {
			isa = PBXGroup;
			children = (
			);
			path = Utils;
			sourceTree = "<group>";
		};
		E967B212699B1640C55EA8AE /* Pods */ = {
			isa = PBXGroup;
			children = (
				F3C7F7498D0B2C74623F8B65 /* Pods-PriceQuoteIos.debug.xcconfig */,
				3A8161F9AA98FA08E0D11D2D /* Pods-PriceQuoteIos.release.xcconfig */,
				0A84E80272125CA7548737C7 /* Pods-PriceQuoteIosTests.debug.xcconfig */,
				860DED70573A414B267E6834 /* Pods-PriceQuoteIosTests.release.xcconfig */,
			);
			path = Pods;
			sourceTree = "<group>";
		};
/* End PBXGroup section */

/* Begin PBXNativeTarget section */
		53E4049D2520CF1000077635 /* PriceQuoteIos */ = {
			isa = PBXNativeTarget;
			buildConfigurationList = 53E404C82520CF1200077635 /* Build configuration list for PBXNativeTarget "PriceQuoteIos" */;
			buildPhases = (
				C0F7A737BDBAF402B8FF88D8 /* [CP] Check Pods Manifest.lock */,
				53E4049A2520CF1000077635 /* Sources */,
				53E4049B2520CF1000077635 /* Frameworks */,
				53E4049C2520CF1000077635 /* Resources */,
				C229F29710A71F9424089173 /* [CP] Embed Pods Frameworks */,
			);
			buildRules = (
			);
			dependencies = (
			);
			name = PriceQuoteIos;
			productName = PriceQuoteIos;
			productReference = 53E4049E2520CF1000077635 /* PriceQuoteIos.app */;
			productType = "com.apple.product-type.application";
		};
		53E404B32520CF1200077635 /* PriceQuoteIosTests */ = {
			isa = PBXNativeTarget;
			buildConfigurationList = 53E404CB2520CF1200077635 /* Build configuration list for PBXNativeTarget "PriceQuoteIosTests" */;
			buildPhases = (
				050716420C74A84B943F7D03 /* [CP] Check Pods Manifest.lock */,
				53E404B02520CF1200077635 /* Sources */,
				53E404B12520CF1200077635 /* Frameworks */,
				53E404B22520CF1200077635 /* Resources */,
			);
			buildRules = (
			);
			dependencies = (
				53E404B62520CF1200077635 /* PBXTargetDependency */,
			);
			name = PriceQuoteIosTests;
			productName = PriceQuoteIosTests;
			productReference = 53E404B42520CF1200077635 /* PriceQuoteIosTests.xctest */;
			productType = "com.apple.product-type.bundle.unit-test";
		};
/* End PBXNativeTarget section */

/* Begin PBXProject section */
		53E404962520CF1000077635 /* Project object */ = {
			isa = PBXProject;
			attributes = {
				LastSwiftUpdateCheck = 1170;
				LastUpgradeCheck = 1170;
				ORGANIZATIONNAME = "Livia Vasconcelos";
				TargetAttributes = {
					53E4049D2520CF1000077635 = {
						CreatedOnToolsVersion = 11.7;
					};
					53E404B32520CF1200077635 = {
						CreatedOnToolsVersion = 11.7;
						TestTargetID = 53E4049D2520CF1000077635;
					};
				};
			};
			buildConfigurationList = 53E404992520CF1000077635 /* Build configuration list for PBXProject "PriceQuoteIos" */;
			compatibilityVersion = "Xcode 9.3";
			developmentRegion = en;
			hasScannedForEncodings = 0;
			knownRegions = (
				en,
				Base,
			);
			mainGroup = 53E404952520CF1000077635;
			productRefGroup = 53E4049F2520CF1000077635 /* Products */;
			projectDirPath = "";
			projectRoot = "";
			targets = (
				53E4049D2520CF1000077635 /* PriceQuoteIos */,
				53E404B32520CF1200077635 /* PriceQuoteIosTests */,
			);
		};
/* End PBXProject section */

/* Begin PBXResourcesBuildPhase section */
		53E4049C2520CF1000077635 /* Resources */ = {
			isa = PBXResourcesBuildPhase;
			buildActionMask = 2147483647;
			files = (
				53E404AE2520CF1100077635 /* LaunchScreen.storyboard in Resources */,
				53E404AB2520CF1100077635 /* Assets.xcassets in Resources */,
				53E404A92520CF1000077635 /* Main.storyboard in Resources */,
				53C480552534EDBA009B012D /* createSalesman.json in Resources */,
			);
			runOnlyForDeploymentPostprocessing = 0;
		};
		53E404B22520CF1200077635 /* Resources */ = {
			isa = PBXResourcesBuildPhase;
			buildActionMask = 2147483647;
			files = (
			);
			runOnlyForDeploymentPostprocessing = 0;
		};
/* End PBXResourcesBuildPhase section */

/* Begin PBXShellScriptBuildPhase section */
		050716420C74A84B943F7D03 /* [CP] Check Pods Manifest.lock */ = {
			isa = PBXShellScriptBuildPhase;
			buildActionMask = 2147483647;
			files = (
			);
			inputFileListPaths = (
			);
			inputPaths = (
				"${PODS_PODFILE_DIR_PATH}/Podfile.lock",
				"${PODS_ROOT}/Manifest.lock",
			);
			name = "[CP] Check Pods Manifest.lock";
			outputFileListPaths = (
			);
			outputPaths = (
				"$(DERIVED_FILE_DIR)/Pods-PriceQuoteIosTests-checkManifestLockResult.txt",
			);
			runOnlyForDeploymentPostprocessing = 0;
			shellPath = /bin/sh;
			shellScript = "diff \"${PODS_PODFILE_DIR_PATH}/Podfile.lock\" \"${PODS_ROOT}/Manifest.lock\" > /dev/null\nif [ $? != 0 ] ; then\n    # print error to STDERR\n    echo \"error: The sandbox is not in sync with the Podfile.lock. Run 'pod install' or update your CocoaPods installation.\" >&2\n    exit 1\nfi\n# This output is used by Xcode 'outputs' to avoid re-running this script phase.\necho \"SUCCESS\" > \"${SCRIPT_OUTPUT_FILE_0}\"\n";
			showEnvVarsInLog = 0;
		};
		C0F7A737BDBAF402B8FF88D8 /* [CP] Check Pods Manifest.lock */ = {
			isa = PBXShellScriptBuildPhase;
			buildActionMask = 2147483647;
			files = (
			);
			inputFileListPaths = (
			);
			inputPaths = (
				"${PODS_PODFILE_DIR_PATH}/Podfile.lock",
				"${PODS_ROOT}/Manifest.lock",
			);
			name = "[CP] Check Pods Manifest.lock";
			outputFileListPaths = (
			);
			outputPaths = (
				"$(DERIVED_FILE_DIR)/Pods-PriceQuoteIos-checkManifestLockResult.txt",
			);
			runOnlyForDeploymentPostprocessing = 0;
			shellPath = /bin/sh;
			shellScript = "diff \"${PODS_PODFILE_DIR_PATH}/Podfile.lock\" \"${PODS_ROOT}/Manifest.lock\" > /dev/null\nif [ $? != 0 ] ; then\n    # print error to STDERR\n    echo \"error: The sandbox is not in sync with the Podfile.lock. Run 'pod install' or update your CocoaPods installation.\" >&2\n    exit 1\nfi\n# This output is used by Xcode 'outputs' to avoid re-running this script phase.\necho \"SUCCESS\" > \"${SCRIPT_OUTPUT_FILE_0}\"\n";
			showEnvVarsInLog = 0;
		};
		C229F29710A71F9424089173 /* [CP] Embed Pods Frameworks */ = {
			isa = PBXShellScriptBuildPhase;
			buildActionMask = 2147483647;
			files = (
			);
			inputFileListPaths = (
				"${PODS_ROOT}/Target Support Files/Pods-PriceQuoteIos/Pods-PriceQuoteIos-frameworks-${CONFIGURATION}-input-files.xcfilelist",
			);
			name = "[CP] Embed Pods Frameworks";
			outputFileListPaths = (
				"${PODS_ROOT}/Target Support Files/Pods-PriceQuoteIos/Pods-PriceQuoteIos-frameworks-${CONFIGURATION}-output-files.xcfilelist",
			);
			runOnlyForDeploymentPostprocessing = 0;
			shellPath = /bin/sh;
			shellScript = "\"${PODS_ROOT}/Target Support Files/Pods-PriceQuoteIos/Pods-PriceQuoteIos-frameworks.sh\"\n";
			showEnvVarsInLog = 0;
		};
/* End PBXShellScriptBuildPhase section */

/* Begin PBXSourcesBuildPhase section */
		53E4049A2520CF1000077635 /* Sources */ = {
			isa = PBXSourcesBuildPhase;
			buildActionMask = 2147483647;
			files = (
				53E404A62520CF1000077635 /* ViewController.swift in Sources */,
				53E404D92521191900077635 /* Salesman.swift in Sources */,
				53E404A22520CF1000077635 /* AppDelegate.swift in Sources */,
				53C480612534F189009B012D /* OHHTTPStubMocks.swift in Sources */,
				53E404E025213EAE00077635 /* APIHandler.swift in Sources */,
				53E404A42520CF1000077635 /* SceneDelegate.swift in Sources */,
				53E404DB25211CF200077635 /* Errors.swift in Sources */,
				53E404D62521139900077635 /* SalesmanApiDataSourceImpl.swift in Sources */,
				53C4800B25326DE7009B012D /* SalesmanDataResponse.swift in Sources */,
			);
			runOnlyForDeploymentPostprocessing = 0;
		};
		53E404B02520CF1200077635 /* Sources */ = {
			isa = PBXSourcesBuildPhase;
			buildActionMask = 2147483647;
			files = (
				53E404D3252111B900077635 /* SalesmanApiDataSourceTests.swift in Sources */,
			);
			runOnlyForDeploymentPostprocessing = 0;
		};
/* End PBXSourcesBuildPhase section */

/* Begin PBXTargetDependency section */
		53E404B62520CF1200077635 /* PBXTargetDependency */ = {
			isa = PBXTargetDependency;
			target = 53E4049D2520CF1000077635 /* PriceQuoteIos */;
			targetProxy = 53E404B52520CF1200077635 /* PBXContainerItemProxy */;
		};
/* End PBXTargetDependency section */

/* Begin PBXVariantGroup section */
		53E404A72520CF1000077635 /* Main.storyboard */ = {
			isa = PBXVariantGroup;
			children = (
				53E404A82520CF1000077635 /* Base */,
			);
			name = Main.storyboard;
			sourceTree = "<group>";
		};
		53E404AC2520CF1100077635 /* LaunchScreen.storyboard */ = {
			isa = PBXVariantGroup;
			children = (
				53E404AD2520CF1100077635 /* Base */,
			);
			name = LaunchScreen.storyboard;
			sourceTree = "<group>";
		};
/* End PBXVariantGroup section */

/* Begin XCBuildConfiguration section */
		53E404C62520CF1200077635 /* Debug */ = {
			isa = XCBuildConfiguration;
			buildSettings = {
				ALWAYS_SEARCH_USER_PATHS = NO;
				CLANG_ANALYZER_NONNULL = YES;
				CLANG_ANALYZER_NUMBER_OBJECT_CONVERSION = YES_AGGRESSIVE;
				CLANG_CXX_LANGUAGE_STANDARD = "gnu++14";
				CLANG_CXX_LIBRARY = "libc++";
				CLANG_ENABLE_MODULES = YES;
				CLANG_ENABLE_OBJC_ARC = YES;
				CLANG_ENABLE_OBJC_WEAK = YES;
				CLANG_WARN_BLOCK_CAPTURE_AUTORELEASING = YES;
				CLANG_WARN_BOOL_CONVERSION = YES;
				CLANG_WARN_COMMA = YES;
				CLANG_WARN_CONSTANT_CONVERSION = YES;
				CLANG_WARN_DEPRECATED_OBJC_IMPLEMENTATIONS = YES;
				CLANG_WARN_DIRECT_OBJC_ISA_USAGE = YES_ERROR;
				CLANG_WARN_DOCUMENTATION_COMMENTS = YES;
				CLANG_WARN_EMPTY_BODY = YES;
				CLANG_WARN_ENUM_CONVERSION = YES;
				CLANG_WARN_INFINITE_RECURSION = YES;
				CLANG_WARN_INT_CONVERSION = YES;
				CLANG_WARN_NON_LITERAL_NULL_CONVERSION = YES;
				CLANG_WARN_OBJC_IMPLICIT_RETAIN_SELF = YES;
				CLANG_WARN_OBJC_LITERAL_CONVERSION = YES;
				CLANG_WARN_OBJC_ROOT_CLASS = YES_ERROR;
				CLANG_WARN_RANGE_LOOP_ANALYSIS = YES;
				CLANG_WARN_STRICT_PROTOTYPES = YES;
				CLANG_WARN_SUSPICIOUS_MOVE = YES;
				CLANG_WARN_UNGUARDED_AVAILABILITY = YES_AGGRESSIVE;
				CLANG_WARN_UNREACHABLE_CODE = YES;
				CLANG_WARN__DUPLICATE_METHOD_MATCH = YES;
				COPY_PHASE_STRIP = NO;
				DEBUG_INFORMATION_FORMAT = dwarf;
				ENABLE_STRICT_OBJC_MSGSEND = YES;
				ENABLE_TESTABILITY = YES;
				GCC_C_LANGUAGE_STANDARD = gnu11;
				GCC_DYNAMIC_NO_PIC = NO;
				GCC_NO_COMMON_BLOCKS = YES;
				GCC_OPTIMIZATION_LEVEL = 0;
				GCC_PREPROCESSOR_DEFINITIONS = (
					"DEBUG=1",
					"$(inherited)",
				);
				GCC_WARN_64_TO_32_BIT_CONVERSION = YES;
				GCC_WARN_ABOUT_RETURN_TYPE = YES_ERROR;
				GCC_WARN_UNDECLARED_SELECTOR = YES;
				GCC_WARN_UNINITIALIZED_AUTOS = YES_AGGRESSIVE;
				GCC_WARN_UNUSED_FUNCTION = YES;
				GCC_WARN_UNUSED_VARIABLE = YES;
				IPHONEOS_DEPLOYMENT_TARGET = 13.7;
				MTL_ENABLE_DEBUG_INFO = INCLUDE_SOURCE;
				MTL_FAST_MATH = YES;
				ONLY_ACTIVE_ARCH = YES;
				SDKROOT = iphoneos;
				SWIFT_ACTIVE_COMPILATION_CONDITIONS = DEBUG;
				SWIFT_OPTIMIZATION_LEVEL = "-Onone";
			};
			name = Debug;
		};
		53E404C72520CF1200077635 /* Release */ = {
			isa = XCBuildConfiguration;
			buildSettings = {
				ALWAYS_SEARCH_USER_PATHS = NO;
				CLANG_ANALYZER_NONNULL = YES;
				CLANG_ANALYZER_NUMBER_OBJECT_CONVERSION = YES_AGGRESSIVE;
				CLANG_CXX_LANGUAGE_STANDARD = "gnu++14";
				CLANG_CXX_LIBRARY = "libc++";
				CLANG_ENABLE_MODULES = YES;
				CLANG_ENABLE_OBJC_ARC = YES;
				CLANG_ENABLE_OBJC_WEAK = YES;
				CLANG_WARN_BLOCK_CAPTURE_AUTORELEASING = YES;
				CLANG_WARN_BOOL_CONVERSION = YES;
				CLANG_WARN_COMMA = YES;
				CLANG_WARN_CONSTANT_CONVERSION = YES;
				CLANG_WARN_DEPRECATED_OBJC_IMPLEMENTATIONS = YES;
				CLANG_WARN_DIRECT_OBJC_ISA_USAGE = YES_ERROR;
				CLANG_WARN_DOCUMENTATION_COMMENTS = YES;
				CLANG_WARN_EMPTY_BODY = YES;
				CLANG_WARN_ENUM_CONVERSION = YES;
				CLANG_WARN_INFINITE_RECURSION = YES;
				CLANG_WARN_INT_CONVERSION = YES;
				CLANG_WARN_NON_LITERAL_NULL_CONVERSION = YES;
				CLANG_WARN_OBJC_IMPLICIT_RETAIN_SELF = YES;
				CLANG_WARN_OBJC_LITERAL_CONVERSION = YES;
				CLANG_WARN_OBJC_ROOT_CLASS = YES_ERROR;
				CLANG_WARN_RANGE_LOOP_ANALYSIS = YES;
				CLANG_WARN_STRICT_PROTOTYPES = YES;
				CLANG_WARN_SUSPICIOUS_MOVE = YES;
				CLANG_WARN_UNGUARDED_AVAILABILITY = YES_AGGRESSIVE;
				CLANG_WARN_UNREACHABLE_CODE = YES;
				CLANG_WARN__DUPLICATE_METHOD_MATCH = YES;
				COPY_PHASE_STRIP = NO;
				DEBUG_INFORMATION_FORMAT = "dwarf-with-dsym";
				ENABLE_NS_ASSERTIONS = NO;
				ENABLE_STRICT_OBJC_MSGSEND = YES;
				GCC_C_LANGUAGE_STANDARD = gnu11;
				GCC_NO_COMMON_BLOCKS = YES;
				GCC_WARN_64_TO_32_BIT_CONVERSION = YES;
				GCC_WARN_ABOUT_RETURN_TYPE = YES_ERROR;
				GCC_WARN_UNDECLARED_SELECTOR = YES;
				GCC_WARN_UNINITIALIZED_AUTOS = YES_AGGRESSIVE;
				GCC_WARN_UNUSED_FUNCTION = YES;
				GCC_WARN_UNUSED_VARIABLE = YES;
				IPHONEOS_DEPLOYMENT_TARGET = 13.7;
				MTL_ENABLE_DEBUG_INFO = NO;
				MTL_FAST_MATH = YES;
				SDKROOT = iphoneos;
				SWIFT_COMPILATION_MODE = wholemodule;
				SWIFT_OPTIMIZATION_LEVEL = "-O";
				VALIDATE_PRODUCT = YES;
			};
			name = Release;
		};
		53E404C92520CF1200077635 /* Debug */ = {
			isa = XCBuildConfiguration;
			baseConfigurationReference = F3C7F7498D0B2C74623F8B65 /* Pods-PriceQuoteIos.debug.xcconfig */;
			buildSettings = {
				ASSETCATALOG_COMPILER_APPICON_NAME = AppIcon;
				CODE_SIGN_STYLE = Automatic;
				DEVELOPMENT_TEAM = L9CMSL6QFV;
				INFOPLIST_FILE = PriceQuoteIos/Info.plist;
				LD_RUNPATH_SEARCH_PATHS = (
					"$(inherited)",
					"@executable_path/Frameworks",
				);
				PRODUCT_BUNDLE_IDENTIFIER = com.liviavasconcelos.PriceQuoteIos;
				PRODUCT_NAME = "$(TARGET_NAME)";
				SWIFT_VERSION = 5.0;
				TARGETED_DEVICE_FAMILY = "1,2";
			};
			name = Debug;
		};
		53E404CA2520CF1200077635 /* Release */ = {
			isa = XCBuildConfiguration;
			baseConfigurationReference = 3A8161F9AA98FA08E0D11D2D /* Pods-PriceQuoteIos.release.xcconfig */;
			buildSettings = {
				ASSETCATALOG_COMPILER_APPICON_NAME = AppIcon;
				CODE_SIGN_STYLE = Automatic;
				DEVELOPMENT_TEAM = L9CMSL6QFV;
				INFOPLIST_FILE = PriceQuoteIos/Info.plist;
				LD_RUNPATH_SEARCH_PATHS = (
					"$(inherited)",
					"@executable_path/Frameworks",
				);
				PRODUCT_BUNDLE_IDENTIFIER = com.liviavasconcelos.PriceQuoteIos;
				PRODUCT_NAME = "$(TARGET_NAME)";
				SWIFT_VERSION = 5.0;
				TARGETED_DEVICE_FAMILY = "1,2";
			};
			name = Release;
		};
		53E404CC2520CF1200077635 /* Debug */ = {
			isa = XCBuildConfiguration;
			baseConfigurationReference = 0A84E80272125CA7548737C7 /* Pods-PriceQuoteIosTests.debug.xcconfig */;
			buildSettings = {
				ALWAYS_EMBED_SWIFT_STANDARD_LIBRARIES = YES;
				BUNDLE_LOADER = "$(TEST_HOST)";
				CODE_SIGN_STYLE = Automatic;
				DEVELOPMENT_TEAM = L9CMSL6QFV;
				INFOPLIST_FILE = PriceQuoteIosTests/Info.plist;
				IPHONEOS_DEPLOYMENT_TARGET = 13.7;
				LD_RUNPATH_SEARCH_PATHS = (
					"$(inherited)",
					"@executable_path/Frameworks",
					"@loader_path/Frameworks",
				);
				PRODUCT_BUNDLE_IDENTIFIER = com.liviavasconcelos.PriceQuoteIosTests;
				PRODUCT_NAME = "$(TARGET_NAME)";
				SWIFT_VERSION = 5.0;
				TARGETED_DEVICE_FAMILY = "1,2";
				TEST_HOST = "$(BUILT_PRODUCTS_DIR)/PriceQuoteIos.app/PriceQuoteIos";
			};
			name = Debug;
		};
		53E404CD2520CF1200077635 /* Release */ = {
			isa = XCBuildConfiguration;
			baseConfigurationReference = 860DED70573A414B267E6834 /* Pods-PriceQuoteIosTests.release.xcconfig */;
			buildSettings = {
				ALWAYS_EMBED_SWIFT_STANDARD_LIBRARIES = YES;
				BUNDLE_LOADER = "$(TEST_HOST)";
				CODE_SIGN_STYLE = Automatic;
				DEVELOPMENT_TEAM = L9CMSL6QFV;
				INFOPLIST_FILE = PriceQuoteIosTests/Info.plist;
				IPHONEOS_DEPLOYMENT_TARGET = 13.7;
				LD_RUNPATH_SEARCH_PATHS = (
					"$(inherited)",
					"@executable_path/Frameworks",
					"@loader_path/Frameworks",
				);
				PRODUCT_BUNDLE_IDENTIFIER = com.liviavasconcelos.PriceQuoteIosTests;
				PRODUCT_NAME = "$(TARGET_NAME)";
				SWIFT_VERSION = 5.0;
				TARGETED_DEVICE_FAMILY = "1,2";
				TEST_HOST = "$(BUILT_PRODUCTS_DIR)/PriceQuoteIos.app/PriceQuoteIos";
			};
			name = Release;
		};
/* End XCBuildConfiguration section */

/* Begin XCConfigurationList section */
		53E404992520CF1000077635 /* Build configuration list for PBXProject "PriceQuoteIos" */ = {
			isa = XCConfigurationList;
			buildConfigurations = (
				53E404C62520CF1200077635 /* Debug */,
				53E404C72520CF1200077635 /* Release */,
			);
			defaultConfigurationIsVisible = 0;
			defaultConfigurationName = Release;
		};
		53E404C82520CF1200077635 /* Build configuration list for PBXNativeTarget "PriceQuoteIos" */ = {
			isa = XCConfigurationList;
			buildConfigurations = (
				53E404C92520CF1200077635 /* Debug */,
				53E404CA2520CF1200077635 /* Release */,
			);
			defaultConfigurationIsVisible = 0;
			defaultConfigurationName = Release;
		};
		53E404CB2520CF1200077635 /* Build configuration list for PBXNativeTarget "PriceQuoteIosTests" */ = {
			isa = XCConfigurationList;
			buildConfigurations = (
				53E404CC2520CF1200077635 /* Debug */,
				53E404CD2520CF1200077635 /* Release */,
			);
			defaultConfigurationIsVisible = 0;
			defaultConfigurationName = Release;
		};
/* End XCConfigurationList section */
	};
	rootObject = 53E404962520CF1000077635 /* Project object */;
}
